# THIS IS AN AUTOGENERATED FILE. DO NOT EDIT THIS FILE DIRECTLY.
# yarn lockfile v1


"@types/dom-mediacapture-transform@^0.1.11":
  version "0.1.12"
  resolved "https://registry.yarnpkg.com/@types/dom-mediacapture-transform/-/dom-mediacapture-transform-0.1.12.tgz#82fdc7aa2eb97a7a73e2df774080068bef2e599b"
  integrity sha512-d7/QsLRwF864A5mgIM/YrfiglHoYn7zgCcAoJgW404r+2DwnNr7EBbLnCWpmOMgH8y0te73L1AV6H1bmauaWFw==
  dependencies:
    "@types/dom-webcodecs" "*"

"@types/dom-webcodecs@*":
  version "0.1.19"
  resolved "https://registry.yarnpkg.com/@types/dom-webcodecs/-/dom-webcodecs-0.1.19.tgz#46479c9f47fb0024b762aa38987b38e3c31ac650"
  integrity sha512-+yFUIDUaASFz0vQpWBErPxun/Lb+F0TdrlTsj50gm7K797YzEx2TmV6fEiwciHyFNghlZYPgQXH5qRcwMHcJFQ==

"@types/dom-webcodecs@0.1.13":
  version "0.1.13"
  resolved "https://registry.yarnpkg.com/@types/dom-webcodecs/-/dom-webcodecs-0.1.13.tgz#d8be5da4f01b20721307b08ad2cca903ccf4f47f"
  integrity sha512-O5hkiFIcjjszPIYyUSyvScyvrBoV3NOEEZx/pMlsu44TKzWNkLVBBxnxJz42in5n3QIolYOcBYFCPZZ0h8SkwQ==

mediabunny@1.55.1:
  version "1.55.1"
  resolved "https://registry.yarnpkg.com/mediabunny/-/mediabunny-1.55.1.tgz#ced719da775e1db6aea46737ee84d4ae98e4f583"
  integrity sha512-JDdTEUOw9g6Ey8eWc2Ei63GmRGtGTJoE56SE7CHikwzS8i9xpsWcve4bEiUw47d4j49L3r7MXDFsH/5oZIhjBw==
  dependencies:
    "@types/dom-mediacapture-transform" "^0.1.11"
    "@types/dom-webcodecs" "0.1.13"
